
Microsoft Visual Studio Solution File, Format Version 12.00
# Visual Studio Version 17
VisualStudioVersion = 17.0.31903.59
MinimumVisualStudioVersion = 10.0.40219.1
Project("{2150E333-8FDC-42A3-9474-1A3956D46DE8}") = "src", "src", "{827E0CD3-B72D-47B6-A68D-7590B98EB39B}"
EndProject
Project("{2150E333-8FDC-42A3-9474-1A3956D46DE8}") = "BuildingBlocks", "BuildingBlocks", "{90298CBA-BD6F-3A0A-69D5-97CAD7B05E7E}"
EndProject
Project("{FAE04EC0-301F-11D3-BF4B-00C04F79EFBC}") = "Monster.BuildingBlocks", "src\BuildingBlocks\Monster.BuildingBlocks\Monster.BuildingBlocks.csproj", "{B9BFF6C9-9BEC-43B2-A6B8-2E3FD6BB66BF}"
EndProject
Project("{2150E333-8FDC-42A3-9474-1A3956D46DE8}") = "tests", "tests", "{0AB3BF05-4346-4AA6-1389-037BE0695223}"
EndProject
Project("{FAE04EC0-301F-11D3-BF4B-00C04F79EFBC}") = "Monster.BuildingBlocks.Tests", "tests\Monster.BuildingBlocks.Tests\Monster.BuildingBlocks.Tests.csproj", "{3B1D3776-D34D-4603-B9D1-004FEA260B1C}"
EndProject
Project("{2150E333-8FDC-42A3-9474-1A3956D46DE8}") = "Services", "Services", "{984BB9B3-3FA3-BE33-9484-CAC21695A33C}"
EndProject
Project("{2150E333-8FDC-42A3-9474-1A3956D46DE8}") = "Content", "Content", "{5DFC7B05-39EA-FFDB-19EB-B675C4700EC4}"
EndProject
Project("{FAE04EC0-301F-11D3-BF4B-00C04F79EFBC}") = "Content.Api", "src\Services\Content\Content.Api\Content.Api.csproj", "{13C866EB-FF86-4778-9D64-9B513CBC9ADA}"
EndProject
Project("{FAE04EC0-301F-11D3-BF4B-00C04F79EFBC}") = "Content.Application", "src\Services\Content\Content.Application\Content.Application.csproj", "{0714A9F0-C254-4894-9DED-E1B3C4560AB5}"
EndProject
Project("{FAE04EC0-301F-11D3-BF4B-00C04F79EFBC}") = "Content.BackgroundWorkers", "src\Services\Content\Content.BackgroundWorkers\Content.BackgroundWorkers.csproj", "{26B57049-4F93-40EC-B297-DCD1E8335B4F}"
EndProject
Project("{FAE04EC0-301F-11D3-BF4B-00C04F79EFBC}") = "Content.Domain", "src\Services\Content\Content.Domain\Content.Domain.csproj", "{AEDFC626-0AC9-4E4E-9936-7E3966AA0B85}"
EndProject
Project("{FAE04EC0-301F-11D3-BF4B-00C04F79EFBC}") = "Content.Infrastructure", "src\Services\Content\Content.Infrastructure\Content.Infrastructure.csproj", "{90BB48C4-E45E-4945-A272-AC37A4556A4F}"
EndProject
Project("{FAE04EC0-301F-11D3-BF4B-00C04F79EFBC}") = "Monster.Persistence.Abstractions", "src\BuildingBlocks\Monster.Persistence.Abstractions\Monster.Persistence.Abstractions.csproj", "{C4927A34-823C-4724-9DB5-2544C743CC60}"
EndProject
Project("{2150E333-8FDC-42A3-9474-1A3956D46DE8}") = "Identity", "Identity", "{1BFC9479-12BF-35C3-06B8-42D89D95092B}"
EndProject
Project("{FAE04EC0-301F-11D3-BF4B-00C04F79EFBC}") = "Identity.Api", "src\Services\Identity\Identity.Api\Identity.Api.csproj", "{62F0EAFD-ACA0-4A05-98C9-BB5A58A26B75}"
EndProject
Project("{FAE04EC0-301F-11D3-BF4B-00C04F79EFBC}") = "Identity.Application", "src\Services\Identity\Identity.Application\Identity.Application.csproj", "{648773B5-1C15-4E73-B9FE-94E6DADC4FBC}"
EndProject
Project("{FAE04EC0-301F-11D3-BF4B-00C04F79EFBC}") = "Identity.BackgroundWorkers", "src\Services\Identity\Identity.BackgroundWorkers\Identity.BackgroundWorkers.csproj", "{A436AF05-E7A8-419B-BFAC-A9DB9A57F245}"
EndProject
Project("{FAE04EC0-301F-11D3-BF4B-00C04F79EFBC}") = "Identity.Domain", "src\Services\Identity\Identity.Domain\Identity.Domain.csproj", "{6EF22D01-5146-4173-A67D-6EB6B4A6FC62}"
EndProject
Project("{FAE04EC0-301F-11D3-BF4B-00C04F79EFBC}") = "Identity.Infrastructure", "src\Services\Identity\Identity.Infrastructure\Identity.Infrastructure.csproj", "{57893674-BD39-4A61-8F36-74A1A365AF72}"
EndProject
Global
	GlobalSection(SolutionConfigurationPlatforms) = preSolution
		Debug|Any CPU = Debug|Any CPU
		Debug|x64 = Debug|x64
		Debug|x86 = Debug|x86
		Release|Any CPU = Release|Any CPU
		Release|x64 = Release|x64
		Release|x86 = Release|x86
	EndGlobalSection
	GlobalSection(ProjectConfigurationPlatforms) = postSolution
		{B9BFF6C9-9BEC-43B2-A6B8-2E3FD6BB66BF}.Debug|Any CPU.ActiveCfg = Debug|Any CPU
		{B9BFF6C9-9BEC-43B2-A6B8-2E3FD6BB66BF}.Debug|Any CPU.Build.0 = Debug|Any CPU
		{B9BFF6C9-9BEC-43B2-A6B8-2E3FD6BB66BF}.Debug|x64.ActiveCfg = Debug|Any CPU
		{B9BFF6C9-9BEC-43B2-A6B8-2E3FD6BB66BF}.Debug|x64.Build.0 = Debug|Any CPU
		{B9BFF6C9-9BEC-43B2-A6B8-2E3FD6BB66BF}.Debug|x86.ActiveCfg = Debug|Any CPU
		{B9BFF6C9-9BEC-43B2-A6B8-2E3FD6BB66BF}.Debug|x86.Build.0 = Debug|Any CPU
		{B9BFF6C9-9BEC-43B2-A6B8-2E3FD6BB66BF}.Release|Any CPU.ActiveCfg = Release|Any CPU
		{B9BFF6C9-9BEC-43B2-A6B8-2E3FD6BB66BF}.Release|Any CPU.Build.0 = Release|Any CPU
		{B9BFF6C9-9BEC-43B2-A6B8-2E3FD6BB66BF}.Release|x64.ActiveCfg = Release|Any CPU
		{B9BFF6C9-9BEC-43B2-A6B8-2E3FD6BB66BF}.Release|x64.Build.0 = Release|Any CPU
		{B9BFF6C9-9BEC-43B2-A6B8-2E3FD6BB66BF}.Release|x86.ActiveCfg = Release|Any CPU
		{B9BFF6C9-9BEC-43B2-A6B8-2E3FD6BB66BF}.Release|x86.Build.0 = Release|Any CPU
		{3B1D3776-D34D-4603-B9D1-004FEA260B1C}.Debug|Any CPU.ActiveCfg = Debug|Any CPU
		{3B1D3776-D34D-4603-B9D1-004FEA260B1C}.Debug|Any CPU.Build.0 = Debug|Any CPU
		{3B1D3776-D34D-4603-B9D1-004FEA260B1C}.Debug|x64.ActiveCfg = Debug|Any CPU
		{3B1D3776-D34D-4603-B9D1-004FEA260B1C}.Debug|x64.Build.0 = Debug|Any CPU
		{3B1D3776-D34D-4603-B9D1-004FEA260B1C}.Debug|x86.ActiveCfg = Debug|Any CPU
		{3B1D3776-D34D-4603-B9D1-004FEA260B1C}.Debug|x86.Build.0 = Debug|Any CPU
		{3B1D3776-D34D-4603-B9D1-004FEA260B1C}.Release|Any CPU.ActiveCfg = Release|Any CPU
		{3B1D3776-D34D-4603-B9D1-004FEA260B1C}.Release|Any CPU.Build.0 = Release|Any CPU
		{3B1D3776-D34D-4603-B9D1-004FEA260B1C}.Release|x64.ActiveCfg = Release|Any CPU
		{3B1D3776-D34D-4603-B9D1-004FEA260B1C}.Release|x64.Build.0 = Release|Any CPU
		{3B1D3776-D34D-4603-B9D1-004FEA260B1C}.Release|x86.ActiveCfg = Release|Any CPU
		{3B1D3776-D34D-4603-B9D1-004FEA260B1C}.Release|x86.Build.0 = Release|Any CPU
		{13C866EB-FF86-4778-9D64-9B513CBC9ADA}.Debug|Any CPU.ActiveCfg = Debug|Any CPU
		{13C866EB-FF86-4778-9D64-9B513CBC9ADA}.Debug|Any CPU.Build.0 = Debug|Any CPU
		{13C866EB-FF86-4778-9D64-9B513CBC9ADA}.Debug|x64.ActiveCfg = Debug|Any CPU
		{13C866EB-FF86-4778-9D64-9B513CBC9ADA}.Debug|x64.Build.0 = Debug|Any CPU
		{13C866EB-FF86-4778-9D64-9B513CBC9ADA}.Debug|x86.ActiveCfg = Debug|Any CPU
		{13C866EB-FF86-4778-9D64-9B513CBC9ADA}.Debug|x86.Build.0 = Debug|Any CPU
		{13C866EB-FF86-4778-9D64-9B513CBC9ADA}.Release|Any CPU.ActiveCfg = Release|Any CPU
		{13C866EB-FF86-4778-9D64-9B513CBC9ADA}.Release|Any CPU.Build.0 = Release|Any CPU
		{13C866EB-FF86-4778-9D64-9B513CBC9ADA}.Release|x64.ActiveCfg = Release|Any CPU
		{13C866EB-FF86-4778-9D64-9B513CBC9ADA}.Release|x64.Build.0 = Release|Any CPU
		{13C866EB-FF86-4778-9D64-9B513CBC9ADA}.Release|x86.ActiveCfg = Release|Any CPU
		{13C866EB-FF86-4778-9D64-9B513CBC9ADA}.Release|x86.Build.0 = Release|Any CPU
		{0714A9F0-C254-4894-9DED-E1B3C4560AB5}.Debug|Any CPU.ActiveCfg = Debug|Any CPU
		{0714A9F0-C254-4894-9DED-E1B3C4560AB5}.Debug|Any CPU.Build.0 = Debug|Any CPU
		{0714A9F0-C254-4894-9DED-E1B3C4560AB5}.Debug|x64.ActiveCfg = Debug|Any CPU
		{0714A9F0-C254-4894-9DED-E1B3C4560AB5}.Debug|x64.Build.0 = Debug|Any CPU
		{0714A9F0-C254-4894-9DED-E1B3C4560AB5}.Debug|x86.ActiveCfg = Debug|Any CPU
		{0714A9F0-C254-4894-9DED-E1B3C4560AB5}.Debug|x86.Build.0 = Debug|Any CPU
		{0714A9F0-C254-4894-9DED-E1B3C4560AB5}.Release|Any CPU.ActiveCfg = Release|Any CPU
		{0714A9F0-C254-4894-9DED-E1B3C4560AB5}.Release|Any CPU.Build.0 = Release|Any CPU
		{0714A9F0-C254-4894-9DED-E1B3C4560AB5}.Release|x64.ActiveCfg = Release|Any CPU
		{0714A9F0-C254-4894-9DED-E1B3C4560AB5}.Release|x64.Build.0 = Release|Any CPU
		{0714A9F0-C254-4894-9DED-E1B3C4560AB5}.Release|x86.ActiveCfg = Release|Any CPU
		{0714A9F0-C254-4894-9DED-E1B3C4560AB5}.Release|x86.Build.0 = Release|Any CPU
		{26B57049-4F93-40EC-B297-DCD1E8335B4F}.Debug|Any CPU.ActiveCfg = Debug|Any CPU
		{26B57049-4F93-40EC-B297-DCD1E8335B4F}.Debug|Any CPU.Build.0 = Debug|Any CPU
		{26B57049-4F93-40EC-B297-DCD1E8335B4F}.Debug|x64.ActiveCfg = Debug|Any CPU
		{26B57049-4F93-40EC-B297-DCD1E8335B4F}.Debug|x64.Build.0 = Debug|Any CPU
		{26B57049-4F93-40EC-B297-DCD1E8335B4F}.Debug|x86.ActiveCfg = Debug|Any CPU
		{26B57049-4F93-40EC-B297-DCD1E8335B4F}.Debug|x86.Build.0 = Debug|Any CPU
		{26B57049-4F93-40EC-B297-DCD1E8335B4F}.Release|Any CPU.ActiveCfg = Release|Any CPU
		{26B57049-4F93-40EC-B297-DCD1E8335B4F}.Release|Any CPU.Build.0 = Release|Any CPU
		{26B57049-4F93-40EC-B297-DCD1E8335B4F}.Release|x64.ActiveCfg = Release|Any CPU
		{26B57049-4F93-40EC-B297-DCD1E8335B4F}.Release|x64.Build.0 = Release|Any CPU
		{26B57049-4F93-40EC-B297-DCD1E8335B4F}.Release|x86.ActiveCfg = Release|Any CPU
		{26B57049-4F93-40EC-B297-DCD1E8335B4F}.Release|x86.Build.0 = Release|Any CPU
		{AEDFC626-0AC9-4E4E-9936-7E3966AA0B85}.Debug|Any CPU.ActiveCfg = Debug|Any CPU
		{AEDFC626-0AC9-4E4E-9936-7E3966AA0B85}.Debug|Any CPU.Build.0 = Debug|Any CPU
		{AEDFC626-0AC9-4E4E-9936-7E3966AA0B85}.Debug|x64.ActiveCfg = Debug|Any CPU
		{AEDFC626-0AC9-4E4E-9936-7E3966AA0B85}.Debug|x64.Build.0 = Debug|Any CPU
		{AEDFC626-0AC9-4E4E-9936-7E3966AA0B85}.Debug|x86.ActiveCfg = Debug|Any CPU
		{AEDFC626-0AC9-4E4E-9936-7E3966AA0B85}.Debug|x86.Build.0 = Debug|Any CPU
		{AEDFC626-0AC9-4E4E-9936-7E3966AA0B85}.Release|Any CPU.ActiveCfg = Release|Any CPU
		{AEDFC626-0AC9-4E4E-9936-7E3966AA0B85}.Release|Any CPU.Build.0 = Release|Any CPU
		{AEDFC626-0AC9-4E4E-9936-7E3966AA0B85}.Release|x64.ActiveCfg = Release|Any CPU
		{AEDFC626-0AC9-4E4E-9936-7E3966AA0B85}.Release|x64.Build.0 = Release|Any CPU
		{AEDFC626-0AC9-4E4E-9936-7E3966AA0B85}.Release|x86.ActiveCfg = Release|Any CPU
		{AEDFC626-0AC9-4E4E-9936-7E3966AA0B85}.Release|x86.Build.0 = Release|Any CPU
		{90BB48C4-E45E-4945-A272-AC37A4556A4F}.Debug|Any CPU.ActiveCfg = Debug|Any CPU
		{90BB48C4-E45E-4945-A272-AC37A4556A4F}.Debug|Any CPU.Build.0 = Debug|Any CPU
		{90BB48C4-E45E-4945-A272-AC37A4556A4F}.Debug|x64.ActiveCfg = Debug|Any CPU
		{90BB48C4-E45E-4945-A272-AC37A4556A4F}.Debug|x64.Build.0 = Debug|Any CPU
		{90BB48C4-E45E-4945-A272-AC37A4556A4F}.Debug|x86.ActiveCfg = Debug|Any CPU
		{90BB48C4-E45E-4945-A272-AC37A4556A4F}.Debug|x86.Build.0 = Debug|Any CPU
		{90BB48C4-E45E-4945-A272-AC37A4556A4F}.Release|Any CPU.ActiveCfg = Release|Any CPU
		{90BB48C4-E45E-4945-A272-AC37A4556A4F}.Release|Any CPU.Build.0 = Release|Any CPU
		{90BB48C4-E45E-4945-A272-AC37A4556A4F}.Release|x64.ActiveCfg = Release|Any CPU
		{90BB48C4-E45E-4945-A272-AC37A4556A4F}.Release|x64.Build.0 = Release|Any CPU
		{90BB48C4-E45E-4945-A272-AC37A4556A4F}.Release|x86.ActiveCfg = Release|Any CPU
		{90BB48C4-E45E-4945-A272-AC37A4556A4F}.Release|x86.Build.0 = Release|Any CPU
		{C4927A34-823C-4724-9DB5-2544C743CC60}.Debug|Any CPU.ActiveCfg = Debug|Any CPU
		{C4927A34-823C-4724-9DB5-2544C743CC60}.Debug|Any CPU.Build.0 = Debug|Any CPU
		{C4927A34-823C-4724-9DB5-2544C743CC60}.Debug|x64.ActiveCfg = Debug|Any CPU
		{C4927A34-823C-4724-9DB5-2544C743CC60}.Debug|x64.Build.0 = Debug|Any CPU
		{C4927A34-823C-4724-9DB5-2544C743CC60}.Debug|x86.ActiveCfg = Debug|Any CPU
		{C4927A34-823C-4724-9DB5-2544C743CC60}.Debug|x86.Build.0 = Debug|Any CPU
		{C4927A34-823C-4724-9DB5-2544C743CC60}.Release|Any CPU.ActiveCfg = Release|Any CPU
		{C4927A34-823C-4724-9DB5-2544C743CC60}.Release|Any CPU.Build.0 = Release|Any CPU
		{C4927A34-823C-4724-9DB5-2544C743CC60}.Release|x64.ActiveCfg = Release|Any CPU
		{C4927A34-823C-4724-9DB5-2544C743CC60}.Release|x64.Build.0 = Release|Any CPU
		{C4927A34-823C-4724-9DB5-2544C743CC60}.Release|x86.ActiveCfg = Release|Any CPU
		{C4927A34-823C-4724-9DB5-2544C743CC60}.Release|x86.Build.0 = Release|Any CPU
		{62F0EAFD-ACA0-4A05-98C9-BB5A58A26B75}.Debug|Any CPU.ActiveCfg = Debug|Any CPU
		{62F0EAFD-ACA0-4A05-98C9-BB5A58A26B75}.Debug|Any CPU.Build.0 = Debug|Any CPU
		{62F0EAFD-ACA0-4A05-98C9-BB5A58A26B75}.Debug|x64.ActiveCfg = Debug|Any CPU
		{62F0EAFD-ACA0-4A05-98C9-BB5A58A26B75}.Debug|x64.Build.0 = Debug|Any CPU
		{62F0EAFD-ACA0-4A05-98C9-BB5A58A26B75}.Debug|x86.ActiveCfg = Debug|Any CPU
		{62F0EAFD-ACA0-4A05-98C9-BB5A58A26B75}.Debug|x86.Build.0 = Debug|Any CPU
		{62F0EAFD-ACA0-4A05-98C9-BB5A58A26B75}.Release|Any CPU.ActiveCfg = Release|Any CPU
		{62F0EAFD-ACA0-4A05-98C9-BB5A58A26B75}.Release|Any CPU.Build.0 = Release|Any CPU
		{62F0EAFD-ACA0-4A05-98C9-BB5A58A26B75}.Release|x64.ActiveCfg = Release|Any CPU
		{62F0EAFD-ACA0-4A05-98C9-BB5A58A26B75}.Release|x64.Build.0 = Release|Any CPU
		{62F0EAFD-ACA0-4A05-98C9-BB5A58A26B75}.Release|x86.ActiveCfg = Release|Any CPU
		{62F0EAFD-ACA0-4A05-98C9-BB5A58A26B75}.Release|x86.Build.0 = Release|Any CPU
		{648773B5-1C15-4E73-B9FE-94E6DADC4FBC}.Debug|Any CPU.ActiveCfg = Debug|Any CPU
		{648773B5-1C15-4E73-B9FE-94E6DADC4FBC}.Debug|Any CPU.Build.0 = Debug|Any CPU
		{648773B5-1C15-4E73-B9FE-94E6DADC4FBC}.Debug|x64.ActiveCfg = Debug|Any CPU
		{648773B5-1C15-4E73-B9FE-94E6DADC4FBC}.Debug|x64.Build.0 = Debug|Any CPU
		{648773B5-1C15-4E73-B9FE-94E6DADC4FBC}.Debug|x86.ActiveCfg = Debug|Any CPU
		{648773B5-1C15-4E73-B9FE-94E6DADC4FBC}.Debug|x86.Build.0 = Debug|Any CPU
		{648773B5-1C15-4E73-B9FE-94E6DADC4FBC}.Release|Any CPU.ActiveCfg = Release|Any CPU
		{648773B5-1C15-4E73-B9FE-94E6DADC4FBC}.Release|Any CPU.Build.0 = Release|Any CPU
		{648773B5-1C15-4E73-B9FE-94E6DADC4FBC}.Release|x64.ActiveCfg = Release|Any CPU
		{648773B5-1C15-4E73-B9FE-94E6DADC4FBC}.Release|x64.Build.0 = Release|Any CPU
		{648773B5-1C15-4E73-B9FE-94E6DADC4FBC}.Release|x86.ActiveCfg = Release|Any CPU
		{648773B5-1C15-4E73-B9FE-94E6DADC4FBC}.Release|x86.Build.0 = Release|Any CPU
		{A436AF05-E7A8-419B-BFAC-A9DB9A57F245}.Debug|Any CPU.ActiveCfg = Debug|Any CPU
		{A436AF05-E7A8-419B-BFAC-A9DB9A57F245}.Debug|Any CPU.Build.0 = Debug|Any CPU
		{A436AF05-E7A8-419B-BFAC-A9DB9A57F245}.Debug|x64.ActiveCfg = Debug|Any CPU
		{A436AF05-E7A8-419B-BFAC-A9DB9A57F245}.Debug|x64.Build.0 = Debug|Any CPU
		{A436AF05-E7A8-419B-BFAC-A9DB9A57F245}.Debug|x86.ActiveCfg = Debug|Any CPU
		{A436AF05-E7A8-419B-BFAC-A9DB9A57F245}.Debug|x86.Build.0 = Debug|Any CPU
		{A436AF05-E7A8-419B-BFAC-A9DB9A57F245}.Release|Any CPU.ActiveCfg = Release|Any CPU
		{A436AF05-E7A8-419B-BFAC-A9DB9A57F245}.Release|Any CPU.Build.0 = Release|Any CPU
		{A436AF05-E7A8-419B-BFAC-A9DB9A57F245}.Release|x64.ActiveCfg = Release|Any CPU
		{A436AF05-E7A8-419B-BFAC-A9DB9A57F245}.Release|x64.Build.0 = Release|Any CPU
		{A436AF05-E7A8-419B-BFAC-A9DB9A57F245}.Release|x86.ActiveCfg = Release|Any CPU
		{A436AF05-E7A8-419B-BFAC-A9DB9A57F245}.Release|x86.Build.0 = Release|Any CPU
		{6EF22D01-5146-4173-A67D-6EB6B4A6FC62}.Debug|Any CPU.ActiveCfg = Debug|Any CPU
		{6EF22D01-5146-4173-A67D-6EB6B4A6FC62}.Debug|Any CPU.Build.0 = Debug|Any CPU
		{6EF22D01-5146-4173-A67D-6EB6B4A6FC62}.Debug|x64.ActiveCfg = Debug|Any CPU
		{6EF22D01-5146-4173-A67D-6EB6B4A6FC62}.Debug|x64.Build.0 = Debug|Any CPU
		{6EF22D01-5146-4173-A67D-6EB6B4A6FC62}.Debug|x86.ActiveCfg = Debug|Any CPU
		{6EF22D01-5146-4173-A67D-6EB6B4A6FC62}.Debug|x86.Build.0 = Debug|Any CPU
		{6EF22D01-5146-4173-A67D-6EB6B4A6FC62}.Release|Any CPU.ActiveCfg = Release|Any CPU
		{6EF22D01-5146-4173-A67D-6EB6B4A6FC62}.Release|Any CPU.Build.0 = Release|Any CPU
		{6EF22D01-5146-4173-A67D-6EB6B4A6FC62}.Release|x64.ActiveCfg = Release|Any CPU
		{6EF22D01-5146-4173-A67D-6EB6B4A6FC62}.Release|x64.Build.0 = Release|Any CPU
		{6EF22D01-5146-4173-A67D-6EB6B4A6FC62}.Release|x86.ActiveCfg = Release|Any CPU
		{6EF22D01-5146-4173-A67D-6EB6B4A6FC62}.Release|x86.Build.0 = Release|Any CPU
		{57893674-BD39-4A61-8F36-74A1A365AF72}.Debug|Any CPU.ActiveCfg = Debug|Any CPU
		{57893674-BD39-4A61-8F36-74A1A365AF72}.Debug|Any CPU.Build.0 = Debug|Any CPU
		{57893674-BD39-4A61-8F36-74A1A365AF72}.Debug|x64.ActiveCfg = Debug|Any CPU
		{57893674-BD39-4A61-8F36-74A1A365AF72}.Debug|x64.Build.0 = Debug|Any CPU
		{57893674-BD39-4A61-8F36-74A1A365AF72}.Debug|x86.ActiveCfg = Debug|Any CPU
		{57893674-BD39-4A61-8F36-74A1A365AF72}.Debug|x86.Build.0 = Debug|Any CPU
		{57893674-BD39-4A61-8F36-74A1A365AF72}.Release|Any CPU.ActiveCfg = Release|Any CPU
		{57893674-BD39-4A61-8F36-74A1A365AF72}.Release|Any CPU.Build.0 = Release|Any CPU
		{57893674-BD39-4A61-8F36-74A1A365AF72}.Release|x64.ActiveCfg = Release|Any CPU
		{57893674-BD39-4A61-8F36-74A1A365AF72}.Release|x64.Build.0 = Release|Any CPU
		{57893674-BD39-4A61-8F36-74A1A365AF72}.Release|x86.ActiveCfg = Release|Any CPU
		{57893674-BD39-4A61-8F36-74A1A365AF72}.Release|x86.Build.0 = Release|Any CPU
	EndGlobalSection
	GlobalSection(SolutionProperties) = preSolution
		HideSolutionNode = FALSE
	EndGlobalSection
	GlobalSection(NestedProjects) = preSolution
		{90298CBA-BD6F-3A0A-69D5-97CAD7B05E7E} = {827E0CD3-B72D-47B6-A68D-7590B98EB39B}
		{B9BFF6C9-9BEC-43B2-A6B8-2E3FD6BB66BF} = {90298CBA-BD6F-3A0A-69D5-97CAD7B05E7E}
		{3B1D3776-D34D-4603-B9D1-004FEA260B1C} = {0AB3BF05-4346-4AA6-1389-037BE0695223}
		{984BB9B3-3FA3-BE33-9484-CAC21695A33C} = {827E0CD3-B72D-47B6-A68D-7590B98EB39B}
		{5DFC7B05-39EA-FFDB-19EB-B675C4700EC4} = {984BB9B3-3FA3-BE33-9484-CAC21695A33C}
		{13C866EB-FF86-4778-9D64-9B513CBC9ADA} = {5DFC7B05-39EA-FFDB-19EB-B675C4700EC4}
		{0714A9F0-C254-4894-9DED-E1B3C4560AB5} = {5DFC7B05-39EA-FFDB-19EB-B675C4700EC4}
		{26B57049-4F93-40EC-B297-DCD1E8335B4F} = {5DFC7B05-39EA-FFDB-19EB-B675C4700EC4}
		{AEDFC626-0AC9-4E4E-9936-7E3966AA0B85} = {5DFC7B05-39EA-FFDB-19EB-B675C4700EC4}
		{90BB48C4-E45E-4945-A272-AC37A4556A4F} = {5DFC7B05-39EA-FFDB-19EB-B675C4700EC4}
		{C4927A34-823C-4724-9DB5-2544C743CC60} = {90298CBA-BD6F-3A0A-69D5-97CAD7B05E7E}
		{1BFC9479-12BF-35C3-06B8-42D89D95092B} = {984BB9B3-3FA3-BE33-9484-CAC21695A33C}
		{62F0EAFD-ACA0-4A05-98C9-BB5A58A26B75} = {1BFC9479-12BF-35C3-06B8-42D89D95092B}
		{648773B5-1C15-4E73-B9FE-94E6DADC4FBC} = {1BFC9479-12BF-35C3-06B8-42D89D95092B}
		{A436AF05-E7A8-419B-BFAC-A9DB9A57F245} = {1BFC9479-12BF-35C3-06B8-42D89D95092B}
		{6EF22D01-5146-4173-A67D-6EB6B4A6FC62} = {1BFC9479-12BF-35C3-06B8-42D89D95092B}
		{57893674-BD39-4A61-8F36-74A1A365AF72} = {1BFC9479-12BF-35C3-06B8-42D89D95092B}
	EndGlobalSection
EndGlobal
